
Microsoft Visual Studio Solution File, Format Version 12.00
# Visual Studio 14
VisualStudioVersion = 14.0.25123.0
MinimumVisualStudioVersion = 10.0.40219.1
Project("{FAE04EC0-301F-11D3-BF4B-00C04F79EFBC}") = "EnerdeqExportFromQuery", "EnerdeqExportFromQuery\EnerdeqExportFromQuery.csproj", "{2C1B3B73-85B9-44A3-9978-4663124A5D89}"
EndProject
Project("{FAE04EC0-301F-11D3-BF4B-00C04F79EFBC}") = "EnerdeqExportFromQuery.Utility", "EnerdeqExportFromQuery.Utility\EnerdeqExportFromQuery.Utility.csproj", "{B8F37B89-3E79-4A25-9AAE-78A541892F7C}"
EndProject
Global
	GlobalSection(SolutionConfigurationPlatforms) = preSolution
		Debug|Any CPU = Debug|Any CPU
		Release|Any CPU = Release|Any CPU
	EndGlobalSection
	GlobalSection(ProjectConfigurationPlatforms) = postSolution
		{2C1B3B73-85B9-44A3-9978-4663124A5D89}.Debug|Any CPU.ActiveCfg = Debug|Any CPU
		{2C1B3B73-85B9-44A3-9978-4663124A5D89}.Debug|Any CPU.Build.0 = Debug|Any CPU
		{2C1B3B73-85B9-44A3-9978-4663124A5D89}.Release|Any CPU.ActiveCfg = Release|Any CPU
		{2C1B3B73-85B9-44A3-9978-4663124A5D89}.Release|Any CPU.Build.0 = Release|Any CPU
		{B8F37B89-3E79-4A25-9AAE-78A541892F7C}.Debug|Any CPU.ActiveCfg = Debug|Any CPU
		{B8F37B89-3E79-4A25-9AAE-78A541892F7C}.Debug|Any CPU.Build.0 = Debug|Any CPU
		{B8F37B89-3E79-4A25-9AAE-78A541892F7C}.Release|Any CPU.ActiveCfg = Release|Any CPU
		{B8F37B89-3E79-4A25-9AAE-78A541892F7C}.Release|Any CPU.Build.0 = Release|Any CPU
	EndGlobalSection
	GlobalSection(SolutionProperties) = preSolution
		HideSolutionNode = FALSE
	EndGlobalSection
	GlobalSection(TeamFoundationVersionControl) = preSolution
		SccNumberOfProjects = 3
		SccEnterpriseProvider = {4CA58AB2-18FA-4F8D-95D4-32DDF27D184C}
		SccTeamFoundationServer = http://tfs-na.ihs.com:8080/tfs/na_energy_collection
		SccLocalPath0 = .
		SccProjectUniqueName1 = EnerdeqExportFromQuery\\EnerdeqExportFromQuery.csproj
		SccProjectName1 = EnerdeqExportFromQuery
		SccLocalPath1 = EnerdeqExportFromQuery
		SccProjectUniqueName2 = EnerdeqExportFromQuery.Utility\\EnerdeqExportFromQuery.Utility.csproj
		SccProjectName2 = EnerdeqExportFromQuery.Utility
		SccLocalPath2 = EnerdeqExportFromQuery.Utility
	EndGlobalSection
EndGlobal
